
Microsoft Visual Studio Solution File, Format Version 12.00
# Visual Studio Version 17
VisualStudioVersion = 17.3.32811.315
MinimumVisualStudioVersion = 10.0.40219.1
Project("{FAE04EC0-301F-11D3-BF4B-00C04F79EFBC}") = "ClassForFirstSem", "ClassForFirstSem\ClassForFirstSem.csproj", "{C236EAA9-FBD5-4F39-BA57-409DEC94C38C}"
EndProject
Global
	GlobalSection(SolutionConfigurationPlatforms) = preSolution
		Debug|Any CPU = Debug|Any CPU
		Release|Any CPU = Release|Any CPU
	EndGlobalSection
	GlobalSection(ProjectConfigurationPlatforms) = postSolution
		{C236EAA9-FBD5-4F39-BA57-409DEC94C38C}.Debug|Any CPU.ActiveCfg = Debug|Any CPU
		{C236EAA9-FBD5-4F39-BA57-409DEC94C38C}.Debug|Any CPU.Build.0 = Debug|Any CPU
		{C236EAA9-FBD5-4F39-BA57-409DEC94C38C}.Release|Any CPU.ActiveCfg = Release|Any CPU
		{C236EAA9-FBD5-4F39-BA57-409DEC94C38C}.Release|Any CPU.Build.0 = Release|Any CPU
	EndGlobalSection
	GlobalSection(SolutionProperties) = preSolution
		HideSolutionNode = FALSE
	EndGlobalSection
	GlobalSection(ExtensibilityGlobals) = postSolution
		SolutionGuid = {7B28F09C-B8BE-42B4-BC0B-BC5CDF15848F}
	EndGlobalSection
EndGlobal
